
Microsoft Visual Studio Solution File, Format Version 12.00
# Visual Studio Version 17
VisualStudioVersion = 17.9.34728.123
MinimumVisualStudioVersion = 10.0.40219.1
Project("{9A19103F-16F7-4668-BE54-9A1E7A4F7556}") = "TextRpg", "TextRpg.csproj", "{F6FAADE0-BA74-46D0-9225-6F33911A8490}"
EndProject
Global
	GlobalSection(SolutionConfigurationPlatforms) = preSolution
		Debug|Any CPU = Debug|Any CPU
		Release|Any CPU = Release|Any CPU
	EndGlobalSection
	GlobalSection(ProjectConfigurationPlatforms) = postSolution
		{F6FAADE0-BA74-46D0-9225-6F33911A8490}.Debug|Any CPU.ActiveCfg = Debug|Any CPU
		{F6FAADE0-BA74-46D0-9225-6F33911A8490}.Debug|Any CPU.Build.0 = Debug|Any CPU
		{F6FAADE0-BA74-46D0-9225-6F33911A8490}.Release|Any CPU.ActiveCfg = Release|Any CPU
		{F6FAADE0-BA74-46D0-9225-6F33911A8490}.Release|Any CPU.Build.0 = Release|Any CPU
	EndGlobalSection
	GlobalSection(SolutionProperties) = preSolution
		HideSolutionNode = FALSE
	EndGlobalSection
	GlobalSection(ExtensibilityGlobals) = postSolution
		SolutionGuid = {8BC3669A-7BC2-4BE8-921D-0B5BF5016CC2}
	EndGlobalSection
EndGlobal
